// !$*UTF8*$!
{
	archiveVersion = 1;
	classes = {
	};
	objectVersion = 50;
	objects = {

/* Begin PBXBuildFile section */
		123621E01711F1BD69859D7E /* Pods_RealmCachingDemo.framework in Frameworks */ = {isa = PBXBuildFile; fileRef = F4864CCE6444FC21AC85ED88 /* Pods_RealmCachingDemo.framework */; };
		5B06A43C2100D92D005A7E68 /* AppDelegate.swift in Sources */ = {isa = PBXBuildFile; fileRef = 5B06A43B2100D92D005A7E68 /* AppDelegate.swift */; };
		5B06A4432100D92E005A7E68 /* Assets.xcassets in Resources */ = {isa = PBXBuildFile; fileRef = 5B06A4422100D92E005A7E68 /* Assets.xcassets */; };
		5B06A4462100D92E005A7E68 /* LaunchScreen.storyboard in Resources */ = {isa = PBXBuildFile; fileRef = 5B06A4442100D92E005A7E68 /* LaunchScreen.storyboard */; };
		5B06A4532100DA28005A7E68 /* WalletViewController.swift in Sources */ = {isa = PBXBuildFile; fileRef = 5B06A4522100DA28005A7E68 /* WalletViewController.swift */; };
		5B06A4552100DA84005A7E68 /* WalletView.swift in Sources */ = {isa = PBXBuildFile; fileRef = 5B06A4542100DA84005A7E68 /* WalletView.swift */; };
		5B06A4572100DB2A005A7E68 /* WalletViewModel.swift in Sources */ = {isa = PBXBuildFile; fileRef = 5B06A4562100DB2A005A7E68 /* WalletViewModel.swift */; };
		5B06A4592100DB35005A7E68 /* WalletItem.swift in Sources */ = {isa = PBXBuildFile; fileRef = 5B06A4582100DB35005A7E68 /* WalletItem.swift */; };
		5B06A45B2100DB4F005A7E68 /* WalletItemObject.swift in Sources */ = {isa = PBXBuildFile; fileRef = 5B06A45A2100DB4F005A7E68 /* WalletItemObject.swift */; };
		5B06A45D2100DBA2005A7E68 /* response.json in Resources */ = {isa = PBXBuildFile; fileRef = 5B06A45C2100DBA2005A7E68 /* response.json */; };
		5B06A45F2100DBEE005A7E68 /* Environment.swift in Sources */ = {isa = PBXBuildFile; fileRef = 5B06A45E2100DBEE005A7E68 /* Environment.swift */; };
		5B06A4612100DBF5005A7E68 /* API.swift in Sources */ = {isa = PBXBuildFile; fileRef = 5B06A4602100DBF5005A7E68 /* API.swift */; };
		5B06A4632100DBFC005A7E68 /* Storage.swift in Sources */ = {isa = PBXBuildFile; fileRef = 5B06A4622100DBFC005A7E68 /* Storage.swift */; };
		5B06A4652100DC76005A7E68 /* Observable+Conversion.swift in Sources */ = {isa = PBXBuildFile; fileRef = 5B06A4642100DC76005A7E68 /* Observable+Conversion.swift */; };
		5B06A4692100DCB9005A7E68 /* Cacheable.swift in Sources */ = {isa = PBXBuildFile; fileRef = 5B06A4682100DCB9005A7E68 /* Cacheable.swift */; };
		5B06A46B2100DCD9005A7E68 /* Observable+Realm.swift in Sources */ = {isa = PBXBuildFile; fileRef = 5B06A46A2100DCD9005A7E68 /* Observable+Realm.swift */; };
		5B06A46D2100DDFD005A7E68 /* Observable+Cacheable.swift in Sources */ = {isa = PBXBuildFile; fileRef = 5B06A46C2100DDFD005A7E68 /* Observable+Cacheable.swift */; };
/* End PBXBuildFile section */

/* Begin PBXFileReference section */
		5B06A4382100D92D005A7E68 /* RealmCachingDemo.app */ = {isa = PBXFileReference; explicitFileType = wrapper.application; includeInIndex = 0; path = RealmCachingDemo.app; sourceTree = BUILT_PRODUCTS_DIR; };
		5B06A43B2100D92D005A7E68 /* AppDelegate.swift */ = {isa = PBXFileReference; lastKnownFileType = sourcecode.swift; path = AppDelegate.swift; sourceTree = "<group>"; };
		5B06A4422100D92E005A7E68 /* Assets.xcassets */ = {isa = PBXFileReference; lastKnownFileType = folder.assetcatalog; path = Assets.xcassets; sourceTree = "<group>"; };
		5B06A4452100D92E005A7E68 /* Base */ = {isa = PBXFileReference; lastKnownFileType = file.storyboard; name = Base; path = Base.lproj/LaunchScreen.storyboard; sourceTree = "<group>"; };
		5B06A4472100D92E005A7E68 /* Info.plist */ = {isa = PBXFileReference; lastKnownFileType = text.plist.xml; path = Info.plist; sourceTree = "<group>"; };
		5B06A4522100DA28005A7E68 /* WalletViewController.swift */ = {isa = PBXFileReference; lastKnownFileType = sourcecode.swift; path = WalletViewController.swift; sourceTree = "<group>"; };
		5B06A4542100DA84005A7E68 /* WalletView.swift */ = {isa = PBXFileReference; lastKnownFileType = sourcecode.swift; path = WalletView.swift; sourceTree = "<group>"; };
		5B06A4562100DB2A005A7E68 /* WalletViewModel.swift */ = {isa = PBXFileReference; lastKnownFileType = sourcecode.swift; path = WalletViewModel.swift; sourceTree = "<group>"; };
		5B06A4582100DB35005A7E68 /* WalletItem.swift */ = {isa = PBXFileReference; lastKnownFileType = sourcecode.swift; path = WalletItem.swift; sourceTree = "<group>"; };
		5B06A45A2100DB4F005A7E68 /* WalletItemObject.swift */ = {isa = PBXFileReference; lastKnownFileType = sourcecode.swift; path = WalletItemObject.swift; sourceTree = "<group>"; };
		5B06A45C2100DBA2005A7E68 /* response.json */ = {isa = PBXFileReference; lastKnownFileType = text.json; path = response.json; sourceTree = "<group>"; };
		5B06A45E2100DBEE005A7E68 /* Environment.swift */ = {isa = PBXFileReference; lastKnownFileType = sourcecode.swift; path = Environment.swift; sourceTree = "<group>"; };
		5B06A4602100DBF5005A7E68 /* API.swift */ = {isa = PBXFileReference; lastKnownFileType = sourcecode.swift; path = API.swift; sourceTree = "<group>"; };
		5B06A4622100DBFC005A7E68 /* Storage.swift */ = {isa = PBXFileReference; lastKnownFileType = sourcecode.swift; path = Storage.swift; sourceTree = "<group>"; };
		5B06A4642100DC76005A7E68 /* Observable+Conversion.swift */ = {isa = PBXFileReference; lastKnownFileType = sourcecode.swift; path = "Observable+Conversion.swift"; sourceTree = "<group>"; };
		5B06A4682100DCB9005A7E68 /* Cacheable.swift */ = {isa = PBXFileReference; lastKnownFileType = sourcecode.swift; path = Cacheable.swift; sourceTree = "<group>"; };
		5B06A46A2100DCD9005A7E68 /* Observable+Realm.swift */ = {isa = PBXFileReference; lastKnownFileType = sourcecode.swift; path = "Observable+Realm.swift"; sourceTree = "<group>"; };
		5B06A46C2100DDFD005A7E68 /* Observable+Cacheable.swift */ = {isa = PBXFileReference; lastKnownFileType = sourcecode.swift; path = "Observable+Cacheable.swift"; sourceTree = "<group>"; };
		A8D9D16FEBC2994C249833E1 /* Pods-RealmCachingDemo.debug.xcconfig */ = {isa = PBXFileReference; includeInIndex = 1; lastKnownFileType = text.xcconfig; name = "Pods-RealmCachingDemo.debug.xcconfig"; path = "Pods/Target Support Files/Pods-RealmCachingDemo/Pods-RealmCachingDemo.debug.xcconfig"; sourceTree = "<group>"; };
		E910E527851F4D68479E5834 /* Pods-RealmCachingDemo.release.xcconfig */ = {isa = PBXFileReference; includeInIndex = 1; lastKnownFileType = text.xcconfig; name = "Pods-RealmCachingDemo.release.xcconfig"; path = "Pods/Target Support Files/Pods-RealmCachingDemo/Pods-RealmCachingDemo.release.xcconfig"; sourceTree = "<group>"; };
		F4864CCE6444FC21AC85ED88 /* Pods_RealmCachingDemo.framework */ = {isa = PBXFileReference; explicitFileType = wrapper.framework; includeInIndex = 0; path = Pods_RealmCachingDemo.framework; sourceTree = BUILT_PRODUCTS_DIR; };
/* End PBXFileReference section */

/* Begin PBXFrameworksBuildPhase section */
		5B06A4352100D92D005A7E68 /* Frameworks */ = {
			isa = PBXFrameworksBuildPhase;
			buildActionMask = 2147483647;
			files = (
				123621E01711F1BD69859D7E /* Pods_RealmCachingDemo.framework in Frameworks */,
			);
			runOnlyForDeploymentPostprocessing = 0;
		};
/* End PBXFrameworksBuildPhase section */

/* Begin PBXGroup section */
		5B06A42F2100D92D005A7E68 = {
			isa = PBXGroup;
			children = (
				5B06A43A2100D92D005A7E68 /* RealmCachingDemo */,
				5B06A4392100D92D005A7E68 /* Products */,
				D48ED3968D81103C5532E4FE /* Pods */,
				D3BFA40E77EECD533DDEC1B9 /* Frameworks */,
			);
			sourceTree = "<group>";
		};
		5B06A4392100D92D005A7E68 /* Products */ = {
			isa = PBXGroup;
			children = (
				5B06A4382100D92D005A7E68 /* RealmCachingDemo.app */,
			);
			name = Products;
			sourceTree = "<group>";
		};
		5B06A43A2100D92D005A7E68 /* RealmCachingDemo */ = {
			isa = PBXGroup;
			children = (
				5B06A4502100DA02005A7E68 /* Screens */,
				5B06A44F2100D9FD005A7E68 /* API */,
				5B06A44E2100D9F8005A7E68 /* Model */,
				5B06A44D2100D9EF005A7E68 /* Environment */,
				5B06A43B2100D92D005A7E68 /* AppDelegate.swift */,
				5B06A4422100D92E005A7E68 /* Assets.xcassets */,
				5B06A4442100D92E005A7E68 /* LaunchScreen.storyboard */,
				5B06A4472100D92E005A7E68 /* Info.plist */,
			);
			path = RealmCachingDemo;
			sourceTree = "<group>";
		};
		5B06A44D2100D9EF005A7E68 /* Environment */ = {
			isa = PBXGroup;
			children = (
				5B06A45E2100DBEE005A7E68 /* Environment.swift */,
				5B06A4602100DBF5005A7E68 /* API.swift */,
				5B06A4622100DBFC005A7E68 /* Storage.swift */,
			);
			path = Environment;
			sourceTree = "<group>";
		};
		5B06A44E2100D9F8005A7E68 /* Model */ = {
			isa = PBXGroup;
			children = (
				5B06A4582100DB35005A7E68 /* WalletItem.swift */,
				5B06A45A2100DB4F005A7E68 /* WalletItemObject.swift */,
			);
			path = Model;
			sourceTree = "<group>";
		};
		5B06A44F2100D9FD005A7E68 /* API */ = {
			isa = PBXGroup;
			children = (
				5B06A45C2100DBA2005A7E68 /* response.json */,
				5B06A4642100DC76005A7E68 /* Observable+Conversion.swift */,
				5B06A46A2100DCD9005A7E68 /* Observable+Realm.swift */,
				5B06A46C2100DDFD005A7E68 /* Observable+Cacheable.swift */,
				5B06A4682100DCB9005A7E68 /* Cacheable.swift */,
			);
			path = API;
			sourceTree = "<group>";
		};
		5B06A4502100DA02005A7E68 /* Screens */ = {
			isa = PBXGroup;
			children = (
				5B06A4512100DA13005A7E68 /* Wallet */,
			);
			path = Screens;
			sourceTree = "<group>";
		};
		5B06A4512100DA13005A7E68 /* Wallet */ = {
			isa = PBXGroup;
			children = (
				5B06A4522100DA28005A7E68 /* WalletViewController.swift */,
				5B06A4542100DA84005A7E68 /* WalletView.swift */,
				5B06A4562100DB2A005A7E68 /* WalletViewModel.swift */,
			);
			path = Wallet;
			sourceTree = "<group>";
		};
		D3BFA40E77EECD533DDEC1B9 /* Frameworks */ = {
			isa = PBXGroup;
			children = (
				F4864CCE6444FC21AC85ED88 /* Pods_RealmCachingDemo.framework */,
			);
			name = Frameworks;
			sourceTree = "<group>";
		};
		D48ED3968D81103C5532E4FE /* Pods */ = {
			isa = PBXGroup;
			children = (
				A8D9D16FEBC2994C249833E1 /* Pods-RealmCachingDemo.debug.xcconfig */,
				E910E527851F4D68479E5834 /* Pods-RealmCachingDemo.release.xcconfig */,
			);
			name = Pods;
			sourceTree = "<group>";
		};
/* End PBXGroup section */

/* Begin PBXNativeTarget section */
		5B06A4372100D92D005A7E68 /* RealmCachingDemo */ = {
			isa = PBXNativeTarget;
			buildConfigurationList = 5B06A44A2100D92E005A7E68 /* Build configuration list for PBXNativeTarget "RealmCachingDemo" */;
			buildPhases = (
				A8F703CA638DB0AAFF080EAF /* [CP] Check Pods Manifest.lock */,
				5B06A4342100D92D005A7E68 /* Sources */,
				5B06A4352100D92D005A7E68 /* Frameworks */,
				5B06A4362100D92D005A7E68 /* Resources */,
				08DB4B1396D4CDFD870A5EBF /* [CP] Embed Pods Frameworks */,
			);
			buildRules = (
			);
			dependencies = (
			);
			name = RealmCachingDemo;
			productName = RealmCachingDemo;
			productReference = 5B06A4382100D92D005A7E68 /* RealmCachingDemo.app */;
			productType = "com.apple.product-type.application";
		};
/* End PBXNativeTarget section */

/* Begin PBXProject section */
		5B06A4302100D92D005A7E68 /* Project object */ = {
			isa = PBXProject;
			attributes = {
				LastSwiftUpdateCheck = 0940;
				LastUpgradeCheck = 0940;
				ORGANIZATIONNAME = Curve;
				TargetAttributes = {
					5B06A4372100D92D005A7E68 = {
						CreatedOnToolsVersion = 9.4.1;
					};
				};
			};
			buildConfigurationList = 5B06A4332100D92D005A7E68 /* Build configuration list for PBXProject "RealmCachingDemo" */;
			compatibilityVersion = "Xcode 9.3";
			developmentRegion = en;
			hasScannedForEncodings = 0;
			knownRegions = (
				en,
				Base,
			);
			mainGroup = 5B06A42F2100D92D005A7E68;
			productRefGroup = 5B06A4392100D92D005A7E68 /* Products */;
			projectDirPath = "";
			projectRoot = "";
			targets = (
				5B06A4372100D92D005A7E68 /* RealmCachingDemo */,
			);
		};
/* End PBXProject section */

/* Begin PBXResourcesBuildPhase section */
		5B06A4362100D92D005A7E68 /* Resources */ = {
			isa = PBXResourcesBuildPhase;
			buildActionMask = 2147483647;
			files = (
				5B06A4462100D92E005A7E68 /* LaunchScreen.storyboard in Resources */,
				5B06A45D2100DBA2005A7E68 /* response.json in Resources */,
				5B06A4432100D92E005A7E68 /* Assets.xcassets in Resources */,
			);
			runOnlyForDeploymentPostprocessing = 0;
		};
/* End PBXResourcesBuildPhase section */

/* Begin PBXShellScriptBuildPhase section */
		08DB4B1396D4CDFD870A5EBF /* [CP] Embed Pods Frameworks */ = {
			isa = PBXShellScriptBuildPhase;
			buildActionMask = 2147483647;
			files = (
			);
			inputPaths = (
				"${SRCROOT}/Pods/Target Support Files/Pods-RealmCachingDemo/Pods-RealmCachingDemo-frameworks.sh",
				"${BUILT_PRODUCTS_DIR}/Realm/Realm.framework",
				"${BUILT_PRODUCTS_DIR}/RealmSwift/RealmSwift.framework",
				"${BUILT_PRODUCTS_DIR}/RxCocoa/RxCocoa.framework",
				"${BUILT_PRODUCTS_DIR}/RxSwift/RxSwift.framework",
			);
			name = "[CP] Embed Pods Frameworks";
			outputPaths = (
				"${TARGET_BUILD_DIR}/${FRAMEWORKS_FOLDER_PATH}/Realm.framework",
				"${TARGET_BUILD_DIR}/${FRAMEWORKS_FOLDER_PATH}/RealmSwift.framework",
				"${TARGET_BUILD_DIR}/${FRAMEWORKS_FOLDER_PATH}/RxCocoa.framework",
				"${TARGET_BUILD_DIR}/${FRAMEWORKS_FOLDER_PATH}/RxSwift.framework",
			);
			runOnlyForDeploymentPostprocessing = 0;
			shellPath = /bin/sh;
			shellScript = "\"${SRCROOT}/Pods/Target Support Files/Pods-RealmCachingDemo/Pods-RealmCachingDemo-frameworks.sh\"\n";
			showEnvVarsInLog = 0;
		};
		A8F703CA638DB0AAFF080EAF /* [CP] Check Pods Manifest.lock */ = {
			isa = PBXShellScriptBuildPhase;
			buildActionMask = 2147483647;
			files = (
			);
			inputPaths = (
				"${PODS_PODFILE_DIR_PATH}/Podfile.lock",
				"${PODS_ROOT}/Manifest.lock",
			);
			name = "[CP] Check Pods Manifest.lock";
			outputPaths = (
				"$(DERIVED_FILE_DIR)/Pods-RealmCachingDemo-checkManifestLockResult.txt",
			);
			runOnlyForDeploymentPostprocessing = 0;
			shellPath = /bin/sh;
			shellScript = "diff \"${PODS_PODFILE_DIR_PATH}/Podfile.lock\" \"${PODS_ROOT}/Manifest.lock\" > /dev/null\nif [ $? != 0 ] ; then\n    # print error to STDERR\n    echo \"error: The sandbox is not in sync with the Podfile.lock. Run 'pod install' or update your CocoaPods installation.\" >&2\n    exit 1\nfi\n# This output is used by Xcode 'outputs' to avoid re-running this script phase.\necho \"SUCCESS\" > \"${SCRIPT_OUTPUT_FILE_0}\"\n";
			showEnvVarsInLog = 0;
		};
/* End PBXShellScriptBuildPhase section */

/* Begin PBXSourcesBuildPhase section */
		5B06A4342100D92D005A7E68 /* Sources */ = {
			isa = PBXSourcesBuildPhase;
			buildActionMask = 2147483647;
			files = (
				5B06A4592100DB35005A7E68 /* WalletItem.swift in Sources */,
				5B06A43C2100D92D005A7E68 /* AppDelegate.swift in Sources */,
				5B06A4692100DCB9005A7E68 /* Cacheable.swift in Sources */,
				5B06A46D2100DDFD005A7E68 /* Observable+Cacheable.swift in Sources */,
				5B06A4652100DC76005A7E68 /* Observable+Conversion.swift in Sources */,
				5B06A4572100DB2A005A7E68 /* WalletViewModel.swift in Sources */,
				5B06A45F2100DBEE005A7E68 /* Environment.swift in Sources */,
				5B06A46B2100DCD9005A7E68 /* Observable+Realm.swift in Sources */,
				5B06A45B2100DB4F005A7E68 /* WalletItemObject.swift in Sources */,
				5B06A4632100DBFC005A7E68 /* Storage.swift in Sources */,
				5B06A4532100DA28005A7E68 /* WalletViewController.swift in Sources */,
				5B06A4612100DBF5005A7E68 /* API.swift in Sources */,
				5B06A4552100DA84005A7E68 /* WalletView.swift in Sources */,
			);
			runOnlyForDeploymentPostprocessing = 0;
		};
/* End PBXSourcesBuildPhase section */

/* Begin PBXVariantGroup section */
		5B06A4442100D92E005A7E68 /* LaunchScreen.storyboard */ = {
			isa = PBXVariantGroup;
			children = (
				5B06A4452100D92E005A7E68 /* Base */,
			);
			name = LaunchScreen.storyboard;
			sourceTree = "<group>";
		};
/* End PBXVariantGroup section */

/* Begin XCBuildConfiguration section */
		5B06A4482100D92E005A7E68 /* Debug */ = {
			isa = XCBuildConfiguration;
			buildSettings = {
				ALWAYS_SEARCH_USER_PATHS = NO;
				CLANG_ANALYZER_NONNULL = YES;
				CLANG_ANALYZER_NUMBER_OBJECT_CONVERSION = YES_AGGRESSIVE;
				CLANG_CXX_LANGUAGE_STANDARD = "gnu++14";
				CLANG_CXX_LIBRARY = "libc++";
				CLANG_ENABLE_MODULES = YES;
				CLANG_ENABLE_OBJC_ARC = YES;
				CLANG_ENABLE_OBJC_WEAK = YES;
				CLANG_WARN_BLOCK_CAPTURE_AUTORELEASING = YES;
				CLANG_WARN_BOOL_CONVERSION = YES;
				CLANG_WARN_COMMA = YES;
				CLANG_WARN_CONSTANT_CONVERSION = YES;
				CLANG_WARN_DEPRECATED_OBJC_IMPLEMENTATIONS = YES;
				CLANG_WARN_DIRECT_OBJC_ISA_USAGE = YES_ERROR;
				CLANG_WARN_DOCUMENTATION_COMMENTS = YES;
				CLANG_WARN_EMPTY_BODY = YES;
				CLANG_WARN_ENUM_CONVERSION = YES;
				CLANG_WARN_INFINITE_RECURSION = YES;
				CLANG_WARN_INT_CONVERSION = YES;
				CLANG_WARN_NON_LITERAL_NULL_CONVERSION = YES;
				CLANG_WARN_OBJC_IMPLICIT_RETAIN_SELF = YES;
				CLANG_WARN_OBJC_LITERAL_CONVERSION = YES;
				CLANG_WARN_OBJC_ROOT_CLASS = YES_ERROR;
				CLANG_WARN_RANGE_LOOP_ANALYSIS = YES;
				CLANG_WARN_STRICT_PROTOTYPES = YES;
				CLANG_WARN_SUSPICIOUS_MOVE = YES;
				CLANG_WARN_UNGUARDED_AVAILABILITY = YES_AGGRESSIVE;
				CLANG_WARN_UNREACHABLE_CODE = YES;
				CLANG_WARN__DUPLICATE_METHOD_MATCH = YES;
				CODE_SIGN_IDENTITY = "iPhone Developer";
				COPY_PHASE_STRIP = NO;
				DEBUG_INFORMATION_FORMAT = dwarf;
				ENABLE_STRICT_OBJC_MSGSEND = YES;
				ENABLE_TESTABILITY = YES;
				GCC_C_LANGUAGE_STANDARD = gnu11;
				GCC_DYNAMIC_NO_PIC = NO;
				GCC_NO_COMMON_BLOCKS = YES;
				GCC_OPTIMIZATION_LEVEL = 0;
				GCC_PREPROCESSOR_DEFINITIONS = (
					"DEBUG=1",
					"$(inherited)",
				);
				GCC_WARN_64_TO_32_BIT_CONVERSION = YES;
				GCC_WARN_ABOUT_RETURN_TYPE = YES_ERROR;
				GCC_WARN_UNDECLARED_SELECTOR = YES;
				GCC_WARN_UNINITIALIZED_AUTOS = YES_AGGRESSIVE;
				GCC_WARN_UNUSED_FUNCTION = YES;
				GCC_WARN_UNUSED_VARIABLE = YES;
				IPHONEOS_DEPLOYMENT_TARGET = 11.4;
				MTL_ENABLE_DEBUG_INFO = YES;
				ONLY_ACTIVE_ARCH = YES;
				SDKROOT = iphoneos;
				SWIFT_ACTIVE_COMPILATION_CONDITIONS = DEBUG;
				SWIFT_OPTIMIZATION_LEVEL = "-Onone";
			};
			name = Debug;
		};
		5B06A4492100D92E005A7E68 /* Release */ = {
			isa = XCBuildConfiguration;
			buildSettings = {
				ALWAYS_SEARCH_USER_PATHS = NO;
				CLANG_ANALYZER_NONNULL = YES;
				CLANG_ANALYZER_NUMBER_OBJECT_CONVERSION = YES_AGGRESSIVE;
				CLANG_CXX_LANGUAGE_STANDARD = "gnu++14";
				CLANG_CXX_LIBRARY = "libc++";
				CLANG_ENABLE_MODULES = YES;
				CLANG_ENABLE_OBJC_ARC = YES;
				CLANG_ENABLE_OBJC_WEAK = YES;
				CLANG_WARN_BLOCK_CAPTURE_AUTORELEASING = YES;
				CLANG_WARN_BOOL_CONVERSION = YES;
				CLANG_WARN_COMMA = YES;
				CLANG_WARN_CONSTANT_CONVERSION = YES;
				CLANG_WARN_DEPRECATED_OBJC_IMPLEMENTATIONS = YES;
				CLANG_WARN_DIRECT_OBJC_ISA_USAGE = YES_ERROR;
				CLANG_WARN_DOCUMENTATION_COMMENTS = YES;
				CLANG_WARN_EMPTY_BODY = YES;
				CLANG_WARN_ENUM_CONVERSION = YES;
				CLANG_WARN_INFINITE_RECURSION = YES;
				CLANG_WARN_INT_CONVERSION = YES;
				CLANG_WARN_NON_LITERAL_NULL_CONVERSION = YES;
				CLANG_WARN_OBJC_IMPLICIT_RETAIN_SELF = YES;
				CLANG_WARN_OBJC_LITERAL_CONVERSION = YES;
				CLANG_WARN_OBJC_ROOT_CLASS = YES_ERROR;
				CLANG_WARN_RANGE_LOOP_ANALYSIS = YES;
				CLANG_WARN_STRICT_PROTOTYPES = YES;
				CLANG_WARN_SUSPICIOUS_MOVE = YES;
				CLANG_WARN_UNGUARDED_AVAILABILITY = YES_AGGRESSIVE;
				CLANG_WARN_UNREACHABLE_CODE = YES;
				CLANG_WARN__DUPLICATE_METHOD_MATCH = YES;
				CODE_SIGN_IDENTITY = "iPhone Developer";
				COPY_PHASE_STRIP = NO;
				DEBUG_INFORMATION_FORMAT = "dwarf-with-dsym";
				ENABLE_NS_ASSERTIONS = NO;
				ENABLE_STRICT_OBJC_MSGSEND = YES;
				GCC_C_LANGUAGE_STANDARD = gnu11;
				GCC_NO_COMMON_BLOCKS = YES;
				GCC_WARN_64_TO_32_BIT_CONVERSION = YES;
				GCC_WARN_ABOUT_RETURN_TYPE = YES_ERROR;
				GCC_WARN_UNDECLARED_SELECTOR = YES;
				GCC_WARN_UNINITIALIZED_AUTOS = YES_AGGRESSIVE;
				GCC_WARN_UNUSED_FUNCTION = YES;
				GCC_WARN_UNUSED_VARIABLE = YES;
				IPHONEOS_DEPLOYMENT_TARGET = 11.4;
				MTL_ENABLE_DEBUG_INFO = NO;
				SDKROOT = iphoneos;
				SWIFT_COMPILATION_MODE = wholemodule;
				SWIFT_OPTIMIZATION_LEVEL = "-O";
				VALIDATE_PRODUCT = YES;
			};
			name = Release;
		};
		5B06A44B2100D92E005A7E68 /* Debug */ = {
			isa = XCBuildConfiguration;
			baseConfigurationReference = A8D9D16FEBC2994C249833E1 /* Pods-RealmCachingDemo.debug.xcconfig */;
			buildSettings = {
				ASSETCATALOG_COMPILER_APPICON_NAME = AppIcon;
				CODE_SIGN_STYLE = Automatic;
				INFOPLIST_FILE = RealmCachingDemo/Info.plist;
				LD_RUNPATH_SEARCH_PATHS = (
					"$(inherited)",
					"@executable_path/Frameworks",
				);
				PRODUCT_BUNDLE_IDENTIFIER = com.imaginecurve.curve.RealmCachingDemo;
				PRODUCT_NAME = "$(TARGET_NAME)";
				SWIFT_VERSION = 4.0;
				TARGETED_DEVICE_FAMILY = "1,2";
			};
			name = Debug;
		};
		5B06A44C2100D92E005A7E68 /* Release */ = {
			isa = XCBuildConfiguration;
			baseConfigurationReference = E910E527851F4D68479E5834 /* Pods-RealmCachingDemo.release.xcconfig */;
			buildSettings = {
				ASSETCATALOG_COMPILER_APPICON_NAME = AppIcon;
				CODE_SIGN_STYLE = Automatic;
				INFOPLIST_FILE = RealmCachingDemo/Info.plist;
				LD_RUNPATH_SEARCH_PATHS = (
					"$(inherited)",
					"@executable_path/Frameworks",
				);
				PRODUCT_BUNDLE_IDENTIFIER = com.imaginecurve.curve.RealmCachingDemo;
				PRODUCT_NAME = "$(TARGET_NAME)";
				SWIFT_VERSION = 4.0;
				TARGETED_DEVICE_FAMILY = "1,2";
			};
			name = Release;
		};
/* End XCBuildConfiguration section */

/* Begin XCConfigurationList section */
		5B06A4332100D92D005A7E68 /* Build configuration list for PBXProject "RealmCachingDemo" */ = {
			isa = XCConfigurationList;
			buildConfigurations = (
				5B06A4482100D92E005A7E68 /* Debug */,
				5B06A4492100D92E005A7E68 /* Release */,
			);
			defaultConfigurationIsVisible = 0;
			defaultConfigurationName = Release;
		};
		5B06A44A2100D92E005A7E68 /* Build configuration list for PBXNativeTarget "RealmCachingDemo" */ = {
			isa = XCConfigurationList;
			buildConfigurations = (
				5B06A44B2100D92E005A7E68 /* Debug */,
				5B06A44C2100D92E005A7E68 /* Release */,
			);
			defaultConfigurationIsVisible = 0;
			defaultConfigurationName = Release;
		};
/* End XCConfigurationList section */
	};
	rootObject = 5B06A4302100D92D005A7E68 /* Project object */;
}
